{
  "name": "metridoc-rails",
  "requires": true,
  "lockfileVersion": 1,
  "dependencies": {
    "vis-network": {
      "version": "9.0.5",
      "resolved": "https://registry.npmjs.org/vis-network/-/vis-network-9.0.5.tgz",
      "integrity": "sha512-+pun7tQP5UruDo+4GZemeZXoD9fIEApWp5IMwHZ8J29kAGvLN5CPJsqAwaSlty6vEVfmIElfOMZk5bilSRQU5Q=="
    }
  }
}
