# THIS IS AN AUTOGENERATED FILE. DO NOT EDIT THIS FILE DIRECTLY.
# yarn lockfile v1


"@hotwired/turbo-rails@^8.0.23":
  version "8.0.23"
  resolved "https://registry.yarnpkg.com/@hotwired/turbo-rails/-/turbo-rails-8.0.23.tgz#7a84ad041cb0f3e5d9ff97d1a1f0291550a93fc9"
  integrity sha512-iBILwda3qmQC7FYM70+4s6kEQ7Fx9dJ6+yGxjPyrz9a5JDx1+y7OAA5TA7GGVOZJoicMLrKGdFDNorl40X35lw==
  dependencies:
    "@hotwired/turbo" "^8.0.23"
    "@rails/actioncable" ">=7.0"

"@hotwired/turbo@^8.0.23":
  version "8.0.23"
  resolved "https://registry.yarnpkg.com/@hotwired/turbo/-/turbo-8.0.23.tgz#a6eebc9ab4a5faadae265a4cbec8cfcb5731e77c"
  integrity sha512-GZ7cijxEZ6Ig71u7rD6LHaRv/wcE/hNsc+nEfiWOkLNqUgLOwo5MNGWOy5ZV9ZUDSiQx1no7YxjTNnT4O6//cQ==

"@rails/actioncable@>=7.0":
  version "8.1.200"
  resolved "https://registry.yarnpkg.com/@rails/actioncable/-/actioncable-8.1.200.tgz#acecf74ab4846144eefdbc16618786df0cebedf9"
  integrity sha512-on0DSb7AFUkq1ocxivDNQhhGW/RQpY91zvRVyyaEWP4gOOZWy33P/UyxjQk74IENWNrTqs8+zOGHwTjiiFruRw==

active_material@2.1.5:
  version "2.1.5"
  resolved "https://registry.yarnpkg.com/active_material/-/active_material-2.1.5.tgz#5d155919006620730940616d4a4597fb93c9938e"
  integrity sha512-6k1lQDEmrP6Dpbrcw0SIHFIr1Yt3dPPRKqPVlP6JjjVKWG2kspzomNtdCnopyd/nHvLVvMgfQrLfREZp3wxhiQ==
