# THIS IS AN AUTOGENERATED FILE. DO NOT EDIT THIS FILE DIRECTLY.
# yarn lockfile v1


"@fontsource/roboto@^4.5.3":
  version "4.5.8"
  resolved "https://registry.yarnpkg.com/@fontsource/roboto/-/roboto-4.5.8.tgz#56347764786079838faf43f0eeda22dd7328437f"
  integrity sha512-CnD7zLItIzt86q4Sj3kZUiLcBk1dSk81qcqgMGaZe7SQ1P8hFNxhMl5AZthK1zrDM5m74VVhaOpuMGIL4gagaA==

"@hotwired/turbo-rails@^8.0.16":
  version "8.0.16"
  resolved "https://registry.yarnpkg.com/@hotwired/turbo-rails/-/turbo-rails-8.0.16.tgz#096f3bec8c3c04d4aac4dd0f75305c67b3db3501"
  integrity sha512-Yxiy2x+N3eOIEDokvLzSrd08aI5RDKnFYDQFl2J/LuMEWTtPdY7oNP0F/gv/sSe5AV23Lwz4FitG/uNFXNM5tA==
  dependencies:
    "@hotwired/turbo" "^8.0.13"
    "@rails/actioncable" ">=7.0"

"@hotwired/turbo@^8.0.13":
  version "8.0.13"
  resolved "https://registry.yarnpkg.com/@hotwired/turbo/-/turbo-8.0.13.tgz#ab35fda9d358432c8a872a833844b38cccb8c25b"
  integrity sha512-M7qXUqcGab6G5PKOiwhgbByTtrPgKPFCTMNQ52QhzUEXEqmp0/ApEguUesh/FPiUjrmFec+3lq98KsWnYY2C7g==

"@rails/actioncable@>=7.0":
  version "8.0.201"
  resolved "https://registry.yarnpkg.com/@rails/actioncable/-/actioncable-8.0.201.tgz#f5ac6bfa3ac6f52f8a1c37b2661b66a61d4442e4"
  integrity sha512-WiXZodvnK7u+wlu72DZydfV75x14HhzXI84sto9xcdsW1DMOHK+jYwQuuE/Wh/hKH5yajFIw/3DUP6MHDeGrbA==

active_material@2.0.2:
  version "2.0.2"
  resolved "https://registry.yarnpkg.com/active_material/-/active_material-2.0.2.tgz#fa12141586db18e1ae5f0c5807efbdaad3313b38"
  integrity sha512-HNvBukIPkc8FuPDzB87bubQkoNKLCmkw8P0jctqZ7OvXj2tSg9AcrCSavKtC9PrwYpn739Yq3AJmJ+J0RJ3MGA==
  dependencies:
    "@fontsource/roboto" "^4.5.3"

d3-array@^1.2.0:
  version "1.2.4"
  resolved "https://registry.yarnpkg.com/d3-array/-/d3-array-1.2.4.tgz#635ce4d5eea759f6f605863dbcfc30edc737f71f"
  integrity sha512-KHW6M86R+FUPYGb3R5XiYjXPq7VzwxZ22buHhAEVG5ztoEcZZMLov530mmccaqA1GghZArjQV46fuc8kUqhhHw==

d3-collection@^1.0.4:
  version "1.0.7"
  resolved "https://registry.yarnpkg.com/d3-collection/-/d3-collection-1.0.7.tgz#349bd2aa9977db071091c13144d5e4f16b5b310e"
  integrity sha512-ii0/r5f4sjKNTfh84Di+DpztYwqKhEyUlKoPrzUFfeSkWxjW49xU2QzO9qrPrNkpdI0XJkfzvmTu8V2Zylln6A==

d3-color@1:
  version "1.4.1"
  resolved "https://registry.yarnpkg.com/d3-color/-/d3-color-1.4.1.tgz#c52002bf8846ada4424d55d97982fef26eb3bc8a"
  integrity sha512-p2sTHSLCJI2QKunbGb7ocOh7DgTAn8IrLx21QRc/BSnodXM4sv6aLQlnfpvehFMLZEfBc6g9pH9SWQccFYfJ9Q==

d3-interpolate@^1.1.5:
  version "1.4.0"
  resolved "https://registry.yarnpkg.com/d3-interpolate/-/d3-interpolate-1.4.0.tgz#526e79e2d80daa383f9e0c1c1c7dcc0f0583e987"
  integrity sha512-V9znK0zc3jOPV4VD2zZn0sDhZU3WAE2bmlxdIwwQPPzPjvyLkd8B3JUVdS1IDUFDkWZ72c9qnv1GK2ZagTZ8EA==
  dependencies:
    d3-color "1"

d3-loom@^1.0.2:
  version "1.0.2"
  resolved "https://registry.yarnpkg.com/d3-loom/-/d3-loom-1.0.2.tgz#c369f22520525687b5170395917f6ededd68864b"
  integrity sha512-wp7s6jixNKeKtkj7rq3Bc7k+398i1nueQRb0Gh56NruNTURZY4mKsyeQeI0dupyAOS4hC/0SoORsVNAbETazWA==
  dependencies:
    d3-array "^1.2.0"
    d3-collection "^1.0.4"
    d3-interpolate "^1.1.5"
    d3-path "^1.0.5"

d3-path@^1.0.5:
  version "1.0.9"
  resolved "https://registry.yarnpkg.com/d3-path/-/d3-path-1.0.9.tgz#48c050bb1fe8c262493a8caf5524e3e9591701cf"
  integrity sha512-VLaYcn81dtHVTjEHd8B+pbe9yHWpXKZUC87PzoFmsFrJqgFwDe/qxfp5MlfsfM1V5E/iVt0MmEbWQ7FVIXh/bg==
