GEM
  remote: https://rubygems.org/
  specs:
    activemodel (4.1.2)
      activesupport (= 4.1.2)
      builder (~> 3.1)
    activerecord (4.1.2)
      activemodel (= 4.1.2)
      activesupport (= 4.1.2)
      arel (~> 5.0.0)
    activerecord-sqlserver-adapter (4.1.8)
      activerecord (~> 4.1.0)
      arel
    activesupport (4.1.2)
      i18n (~> 0.6, >= 0.6.9)
      json (~> 1.7, >= 1.7.7)
      minitest (~> 5.1)
      thread_safe (~> 0.1)
      tzinfo (~> 1.1)
    arel (5.0.1.20140414130214)
    builder (3.2.3)
    coderay (1.1.2)
    concurrent-ruby (1.1.5)
    dotenv (2.7.1)
    i18n (0.9.5)
      concurrent-ruby (~> 1.0)
    json (1.8.6)
    method_source (0.9.2)
    minitest (5.11.3)
    pg (0.20.0)
    pry (0.12.2)
      coderay (~> 1.1.0)
      method_source (~> 0.9.0)
    pry-rails (0.3.9)
      pry (>= 0.10.4)
    thread_safe (0.3.6)
    tiny_tds (2.1.2)
    tzinfo (1.2.5)
      thread_safe (~> 0.1)

PLATFORMS
  ruby

DEPENDENCIES
  activerecord (= 4.1.2)
  activerecord-sqlserver-adapter
  dotenv
  pg (~> 0.20.0)
  pry-rails
  tiny_tds (~> 2.1.0)

RUBY VERSION
   ruby 2.5.1p57

BUNDLED WITH
   2.0.1
